
Microsoft Visual Studio Solution File, Format Version 12.00
# Visual Studio Version 16
VisualStudioVersion = 16.0.31205.134
MinimumVisualStudioVersion = 10.0.40219.1
Project("{FAE04EC0-301F-11D3-BF4B-00C04F79EFBC}") = "kino-library", "kino-library.csproj", "{C8D494FC-E92D-4F69-8043-857C5BD856BA}"
EndProject
Global
	GlobalSection(SolutionConfigurationPlatforms) = preSolution
		Debug|Any CPU = Debug|Any CPU
		Release|Any CPU = Release|Any CPU
	EndGlobalSection
	GlobalSection(ProjectConfigurationPlatforms) = postSolution
		{C8D494FC-E92D-4F69-8043-857C5BD856BA}.Debug|Any CPU.ActiveCfg = Debug|Any CPU
		{C8D494FC-E92D-4F69-8043-857C5BD856BA}.Debug|Any CPU.Build.0 = Debug|Any CPU
		{C8D494FC-E92D-4F69-8043-857C5BD856BA}.Release|Any CPU.ActiveCfg = Release|Any CPU
		{C8D494FC-E92D-4F69-8043-857C5BD856BA}.Release|Any CPU.Build.0 = Release|Any CPU
	EndGlobalSection
	GlobalSection(SolutionProperties) = preSolution
		HideSolutionNode = FALSE
	EndGlobalSection
	GlobalSection(ExtensibilityGlobals) = postSolution
		SolutionGuid = {9B6372B9-9656-425C-BDCE-E223D04EC895}
	EndGlobalSection
EndGlobal
